
Microsoft Visual Studio Solution File, Format Version 12.00
# Visual Studio Version 17
VisualStudioVersion = 17.0.31717.71
MinimumVisualStudioVersion = 10.0.40219.1
Project("{9A19103F-16F7-4668-BE54-9A1E7A4F7556}") = "PosthumanWebApi", "PlannerWebApi\PosthumanWebApi.csproj", "{0858DE57-EB26-4AB7-99A9-7E6C69A6401D}"
EndProject
Project("{9A19103F-16F7-4668-BE54-9A1E7A4F7556}") = "TestApi", "TestApi\TestApi.csproj", "{8D31FB00-94C6-4713-A9F6-7F7532DD1F1A}"
EndProject
Project("{FAE04EC0-301F-11D3-BF4B-00C04F79EFBC}") = "DataAccessLayer", "DataAccessLayer\DataAccessLayer\DataAccessLayer.csproj", "{E6EC901B-5AFE-4891-9C97-E8F115E8CA5C}"
EndProject
Global
	GlobalSection(SolutionConfigurationPlatforms) = preSolution
		Debug|Any CPU = Debug|Any CPU
		Release|Any CPU = Release|Any CPU
	EndGlobalSection
	GlobalSection(ProjectConfigurationPlatforms) = postSolution
		{0858DE57-EB26-4AB7-99A9-7E6C69A6401D}.Debug|Any CPU.ActiveCfg = Debug|Any CPU
		{0858DE57-EB26-4AB7-99A9-7E6C69A6401D}.Debug|Any CPU.Build.0 = Debug|Any CPU
		{0858DE57-EB26-4AB7-99A9-7E6C69A6401D}.Release|Any CPU.ActiveCfg = Release|Any CPU
		{0858DE57-EB26-4AB7-99A9-7E6C69A6401D}.Release|Any CPU.Build.0 = Release|Any CPU
		{8D31FB00-94C6-4713-A9F6-7F7532DD1F1A}.Debug|Any CPU.ActiveCfg = Debug|Any CPU
		{8D31FB00-94C6-4713-A9F6-7F7532DD1F1A}.Debug|Any CPU.Build.0 = Debug|Any CPU
		{8D31FB00-94C6-4713-A9F6-7F7532DD1F1A}.Release|Any CPU.ActiveCfg = Release|Any CPU
		{8D31FB00-94C6-4713-A9F6-7F7532DD1F1A}.Release|Any CPU.Build.0 = Release|Any CPU
		{E6EC901B-5AFE-4891-9C97-E8F115E8CA5C}.Debug|Any CPU.ActiveCfg = Debug|Any CPU
		{E6EC901B-5AFE-4891-9C97-E8F115E8CA5C}.Debug|Any CPU.Build.0 = Debug|Any CPU
		{E6EC901B-5AFE-4891-9C97-E8F115E8CA5C}.Release|Any CPU.ActiveCfg = Release|Any CPU
		{E6EC901B-5AFE-4891-9C97-E8F115E8CA5C}.Release|Any CPU.Build.0 = Release|Any CPU
	EndGlobalSection
	GlobalSection(SolutionProperties) = preSolution
		HideSolutionNode = FALSE
	EndGlobalSection
	GlobalSection(ExtensibilityGlobals) = postSolution
		SolutionGuid = {AC77B4E1-C319-4E49-9445-3416E6410650}
	EndGlobalSection
EndGlobal
